// !$*UTF8*$!
{
	archiveVersion = 1;
	classes = {
	};
	objectVersion = 56;
	objects = {

/* Begin PBXBuildFile section */
		10E6DBB2A2D2D5A123B08AF7 /* Pods_AppBackFront.framework in Frameworks */ = {isa = PBXBuildFile; fileRef = 1BD3C93BE10B1D6D67037E7B /* Pods_AppBackFront.framework */; };
		230E3FD72A03293A0064587F /* NftTableViewCell.swift in Sources */ = {isa = PBXBuildFile; fileRef = 230E3FD62A03293A0064587F /* NftTableViewCell.swift */; };
		230E3FDA2A032B1E0064587F /* NftTableViewCellScreen.swift in Sources */ = {isa = PBXBuildFile; fileRef = 230E3FD92A032B1E0064587F /* NftTableViewCellScreen.swift */; };
		2316B7792A11D8BD0058AB9D /* NftDetailVC.swift in Sources */ = {isa = PBXBuildFile; fileRef = 2316B7782A11D8BD0058AB9D /* NftDetailVC.swift */; };
		2316B77D2A11D9030058AB9D /* NftDetailViewModel.swift in Sources */ = {isa = PBXBuildFile; fileRef = 2316B77C2A11D9030058AB9D /* NftDetailViewModel.swift */; };
		2316B77F2A11D9350058AB9D /* NftDetailScreen.swift in Sources */ = {isa = PBXBuildFile; fileRef = 2316B77E2A11D9350058AB9D /* NftDetailScreen.swift */; };
		231D0C8E29A6E47300CF858A /* AppDelegate.swift in Sources */ = {isa = PBXBuildFile; fileRef = 231D0C8D29A6E47300CF858A /* AppDelegate.swift */; };
		231D0C9029A6E47300CF858A /* SceneDelegate.swift in Sources */ = {isa = PBXBuildFile; fileRef = 231D0C8F29A6E47300CF858A /* SceneDelegate.swift */; };
		231D0C9229A6E47300CF858A /* LoginVC.swift in Sources */ = {isa = PBXBuildFile; fileRef = 231D0C9129A6E47300CF858A /* LoginVC.swift */; };
		231D0C9729A6E47500CF858A /* Assets.xcassets in Resources */ = {isa = PBXBuildFile; fileRef = 231D0C9629A6E47500CF858A /* Assets.xcassets */; };
		231D0C9A29A6E47500CF858A /* LaunchScreen.storyboard in Resources */ = {isa = PBXBuildFile; fileRef = 231D0C9829A6E47500CF858A /* LaunchScreen.storyboard */; };
		231D0CA429A6E6D800CF858A /* LoginScreen.swift in Sources */ = {isa = PBXBuildFile; fileRef = 231D0CA329A6E6D800CF858A /* LoginScreen.swift */; };
		233D593B29F776CC00048E60 /* TabBarVC.swift in Sources */ = {isa = PBXBuildFile; fileRef = 233D593A29F776CC00048E60 /* TabBarVC.swift */; };
		233D593F29F7778F00048E60 /* HomeVC.swift in Sources */ = {isa = PBXBuildFile; fileRef = 233D593E29F7778F00048E60 /* HomeVC.swift */; };
		2357B11529F8BF9100384506 /* HomeScreen.swift in Sources */ = {isa = PBXBuildFile; fileRef = 2357B11429F8BF9100384506 /* HomeScreen.swift */; };
		2357B11929FB3D6700384506 /* HomeViewModel.swift in Sources */ = {isa = PBXBuildFile; fileRef = 2357B11829FB3D6700384506 /* HomeViewModel.swift */; };
		2357B11D29FB3DFB00384506 /* HomeService.swift in Sources */ = {isa = PBXBuildFile; fileRef = 2357B11C29FB3DFB00384506 /* HomeService.swift */; };
		2357B12029FB3E3C00384506 /* GenericService.swift in Sources */ = {isa = PBXBuildFile; fileRef = 2357B11F29FB3E3C00384506 /* GenericService.swift */; };
		2357B12329FB41C600384506 /* HomeData.json in Resources */ = {isa = PBXBuildFile; fileRef = 2357B12229FB41C600384506 /* HomeData.json */; };
		2357B12629FB42FB00384506 /* NFTData.swift in Sources */ = {isa = PBXBuildFile; fileRef = 2357B12529FB42FB00384506 /* NFTData.swift */; };
		23651BC429FF57C60025A64D /* NftFilterCollectionViewCell.swift in Sources */ = {isa = PBXBuildFile; fileRef = 23651BC329FF57C60025A64D /* NftFilterCollectionViewCell.swift */; };
		23651BC929FF59210025A64D /* NftFilterCollectionViewCellScreen.swift in Sources */ = {isa = PBXBuildFile; fileRef = 23651BC829FF59210025A64D /* NftFilterCollectionViewCellScreen.swift */; };
		237255A829EE3B8200F5511B /* String+Extension.swift in Sources */ = {isa = PBXBuildFile; fileRef = 237255A729EE3B8200F5511B /* String+Extension.swift */; };
		237255AB29F623B200F5511B /* AlertController.swift in Sources */ = {isa = PBXBuildFile; fileRef = 237255AA29F623B200F5511B /* AlertController.swift */; };
		237298F02A12FA0700ECF01C /* NftImageTableViewCell.swift in Sources */ = {isa = PBXBuildFile; fileRef = 237298EF2A12FA0700ECF01C /* NftImageTableViewCell.swift */; };
		237298F32A12FB1300ECF01C /* NftImageTableViewCellScreen.swift in Sources */ = {isa = PBXBuildFile; fileRef = 237298F22A12FB1300ECF01C /* NftImageTableViewCellScreen.swift */; };
		237298F62A13089000ECF01C /* NftDescriptionTableViewCell.swift in Sources */ = {isa = PBXBuildFile; fileRef = 237298F52A13089000ECF01C /* NftDescriptionTableViewCell.swift */; };
		237298F92A13091600ECF01C /* NftDescriptionTableViewCellScreen.swift in Sources */ = {isa = PBXBuildFile; fileRef = 237298F82A13091600ECF01C /* NftDescriptionTableViewCellScreen.swift */; };
		239E7E4E2A193F1F00E91D5A /* LastestDealTableViewCell.swift in Sources */ = {isa = PBXBuildFile; fileRef = 239E7E4D2A193F1F00E91D5A /* LastestDealTableViewCell.swift */; };
		239E7E522A193F5700E91D5A /* LastestDealTableViewCellScreen.swift in Sources */ = {isa = PBXBuildFile; fileRef = 239E7E512A193F5700E91D5A /* LastestDealTableViewCellScreen.swift */; };
		239E7E552A1960D600E91D5A /* LastestDealTableViewCellViewModel.swift in Sources */ = {isa = PBXBuildFile; fileRef = 239E7E542A1960D600E91D5A /* LastestDealTableViewCellViewModel.swift */; };
		239E7E582A1978F400E91D5A /* ListOffersTableViewCell.swift in Sources */ = {isa = PBXBuildFile; fileRef = 239E7E572A1978F400E91D5A /* ListOffersTableViewCell.swift */; };
		239E7E5B2A19790A00E91D5A /* ListOffersTableViewCellScreen.swift in Sources */ = {isa = PBXBuildFile; fileRef = 239E7E5A2A19790A00E91D5A /* ListOffersTableViewCellScreen.swift */; };
		239E7E5D2A19870F00E91D5A /* UIView+Extension.swift in Sources */ = {isa = PBXBuildFile; fileRef = 239E7E5C2A19870F00E91D5A /* UIView+Extension.swift */; };
		239E7E5F2A19881B00E91D5A /* CACornerMask+Extension.swift in Sources */ = {isa = PBXBuildFile; fileRef = 239E7E5E2A19881B00E91D5A /* CACornerMask+Extension.swift */; };
		23B8D46F29EC7507004312DA /* GoogleService-Info.plist in Resources */ = {isa = PBXBuildFile; fileRef = 23B8D46E29EC7507004312DA /* GoogleService-Info.plist */; };
		23B8D47229EC75D7004312DA /* FirebaseAuth in Frameworks */ = {isa = PBXBuildFile; productRef = 23B8D47129EC75D7004312DA /* FirebaseAuth */; };
		23B8D47429EC75D7004312DA /* FirebaseCrashlytics in Frameworks */ = {isa = PBXBuildFile; productRef = 23B8D47329EC75D7004312DA /* FirebaseCrashlytics */; };
		23B8D47829EC7825004312DA /* UIViewController+Extension.swift in Sources */ = {isa = PBXBuildFile; fileRef = 23B8D47729EC7825004312DA /* UIViewController+Extension.swift */; };
/* End PBXBuildFile section */

/* Begin PBXFileReference section */
		1BD3C93BE10B1D6D67037E7B /* Pods_AppBackFront.framework */ = {isa = PBXFileReference; explicitFileType = wrapper.framework; includeInIndex = 0; path = Pods_AppBackFront.framework; sourceTree = BUILT_PRODUCTS_DIR; };
		1C5111327FB25CDF2F9F0182 /* Pods-AppBackFront.debug.xcconfig */ = {isa = PBXFileReference; includeInIndex = 1; lastKnownFileType = text.xcconfig; name = "Pods-AppBackFront.debug.xcconfig"; path = "Target Support Files/Pods-AppBackFront/Pods-AppBackFront.debug.xcconfig"; sourceTree = "<group>"; };
		230E3FD62A03293A0064587F /* NftTableViewCell.swift */ = {isa = PBXFileReference; lastKnownFileType = sourcecode.swift; path = NftTableViewCell.swift; sourceTree = "<group>"; };
		230E3FD92A032B1E0064587F /* NftTableViewCellScreen.swift */ = {isa = PBXFileReference; lastKnownFileType = sourcecode.swift; path = NftTableViewCellScreen.swift; sourceTree = "<group>"; };
		2316B7782A11D8BD0058AB9D /* NftDetailVC.swift */ = {isa = PBXFileReference; lastKnownFileType = sourcecode.swift; path = NftDetailVC.swift; sourceTree = "<group>"; };
		2316B77C2A11D9030058AB9D /* NftDetailViewModel.swift */ = {isa = PBXFileReference; lastKnownFileType = sourcecode.swift; path = NftDetailViewModel.swift; sourceTree = "<group>"; };
		2316B77E2A11D9350058AB9D /* NftDetailScreen.swift */ = {isa = PBXFileReference; lastKnownFileType = sourcecode.swift; path = NftDetailScreen.swift; sourceTree = "<group>"; };
		231D0C8A29A6E47300CF858A /* AppBackFront.app */ = {isa = PBXFileReference; explicitFileType = wrapper.application; includeInIndex = 0; path = AppBackFront.app; sourceTree = BUILT_PRODUCTS_DIR; };
		231D0C8D29A6E47300CF858A /* AppDelegate.swift */ = {isa = PBXFileReference; lastKnownFileType = sourcecode.swift; path = AppDelegate.swift; sourceTree = "<group>"; };
		231D0C8F29A6E47300CF858A /* SceneDelegate.swift */ = {isa = PBXFileReference; lastKnownFileType = sourcecode.swift; path = SceneDelegate.swift; sourceTree = "<group>"; };
		231D0C9129A6E47300CF858A /* LoginVC.swift */ = {isa = PBXFileReference; lastKnownFileType = sourcecode.swift; path = LoginVC.swift; sourceTree = "<group>"; };
		231D0C9629A6E47500CF858A /* Assets.xcassets */ = {isa = PBXFileReference; lastKnownFileType = folder.assetcatalog; path = Assets.xcassets; sourceTree = "<group>"; };
		231D0C9929A6E47500CF858A /* Base */ = {isa = PBXFileReference; lastKnownFileType = file.storyboard; name = Base; path = Base.lproj/LaunchScreen.storyboard; sourceTree = "<group>"; };
		231D0C9B29A6E47500CF858A /* Info.plist */ = {isa = PBXFileReference; lastKnownFileType = text.plist.xml; path = Info.plist; sourceTree = "<group>"; };
		231D0CA329A6E6D800CF858A /* LoginScreen.swift */ = {isa = PBXFileReference; lastKnownFileType = sourcecode.swift; path = LoginScreen.swift; sourceTree = "<group>"; };
		233D593A29F776CC00048E60 /* TabBarVC.swift */ = {isa = PBXFileReference; lastKnownFileType = sourcecode.swift; path = TabBarVC.swift; sourceTree = "<group>"; };
		233D593E29F7778F00048E60 /* HomeVC.swift */ = {isa = PBXFileReference; lastKnownFileType = sourcecode.swift; path = HomeVC.swift; sourceTree = "<group>"; };
		2357B11429F8BF9100384506 /* HomeScreen.swift */ = {isa = PBXFileReference; lastKnownFileType = sourcecode.swift; path = HomeScreen.swift; sourceTree = "<group>"; };
		2357B11829FB3D6700384506 /* HomeViewModel.swift */ = {isa = PBXFileReference; lastKnownFileType = sourcecode.swift; path = HomeViewModel.swift; sourceTree = "<group>"; };
		2357B11C29FB3DFB00384506 /* HomeService.swift */ = {isa = PBXFileReference; lastKnownFileType = sourcecode.swift; path = HomeService.swift; sourceTree = "<group>"; };
		2357B11F29FB3E3C00384506 /* GenericService.swift */ = {isa = PBXFileReference; lastKnownFileType = sourcecode.swift; path = GenericService.swift; sourceTree = "<group>"; };
		2357B12229FB41C600384506 /* HomeData.json */ = {isa = PBXFileReference; fileEncoding = 4; lastKnownFileType = text.json; path = HomeData.json; sourceTree = "<group>"; };
		2357B12529FB42FB00384506 /* NFTData.swift */ = {isa = PBXFileReference; lastKnownFileType = sourcecode.swift; path = NFTData.swift; sourceTree = "<group>"; };
		23651BC329FF57C60025A64D /* NftFilterCollectionViewCell.swift */ = {isa = PBXFileReference; lastKnownFileType = sourcecode.swift; path = NftFilterCollectionViewCell.swift; sourceTree = "<group>"; };
		23651BC829FF59210025A64D /* NftFilterCollectionViewCellScreen.swift */ = {isa = PBXFileReference; lastKnownFileType = sourcecode.swift; path = NftFilterCollectionViewCellScreen.swift; sourceTree = "<group>"; };
		237255A729EE3B8200F5511B /* String+Extension.swift */ = {isa = PBXFileReference; lastKnownFileType = sourcecode.swift; path = "String+Extension.swift"; sourceTree = "<group>"; };
		237255AA29F623B200F5511B /* AlertController.swift */ = {isa = PBXFileReference; lastKnownFileType = sourcecode.swift; path = AlertController.swift; sourceTree = "<group>"; };
		237298EF2A12FA0700ECF01C /* NftImageTableViewCell.swift */ = {isa = PBXFileReference; lastKnownFileType = sourcecode.swift; path = NftImageTableViewCell.swift; sourceTree = "<group>"; };
		237298F22A12FB1300ECF01C /* NftImageTableViewCellScreen.swift */ = {isa = PBXFileReference; lastKnownFileType = sourcecode.swift; path = NftImageTableViewCellScreen.swift; sourceTree = "<group>"; };
		237298F52A13089000ECF01C /* NftDescriptionTableViewCell.swift */ = {isa = PBXFileReference; lastKnownFileType = sourcecode.swift; path = NftDescriptionTableViewCell.swift; sourceTree = "<group>"; };
		237298F82A13091600ECF01C /* NftDescriptionTableViewCellScreen.swift */ = {isa = PBXFileReference; lastKnownFileType = sourcecode.swift; path = NftDescriptionTableViewCellScreen.swift; sourceTree = "<group>"; };
		239E7E4D2A193F1F00E91D5A /* LastestDealTableViewCell.swift */ = {isa = PBXFileReference; lastKnownFileType = sourcecode.swift; path = LastestDealTableViewCell.swift; sourceTree = "<group>"; };
		239E7E512A193F5700E91D5A /* LastestDealTableViewCellScreen.swift */ = {isa = PBXFileReference; lastKnownFileType = sourcecode.swift; path = LastestDealTableViewCellScreen.swift; sourceTree = "<group>"; };
		239E7E542A1960D600E91D5A /* LastestDealTableViewCellViewModel.swift */ = {isa = PBXFileReference; lastKnownFileType = sourcecode.swift; path = LastestDealTableViewCellViewModel.swift; sourceTree = "<group>"; };
		239E7E572A1978F400E91D5A /* ListOffersTableViewCell.swift */ = {isa = PBXFileReference; lastKnownFileType = sourcecode.swift; path = ListOffersTableViewCell.swift; sourceTree = "<group>"; };
		239E7E5A2A19790A00E91D5A /* ListOffersTableViewCellScreen.swift */ = {isa = PBXFileReference; lastKnownFileType = sourcecode.swift; path = ListOffersTableViewCellScreen.swift; sourceTree = "<group>"; };
		239E7E5C2A19870F00E91D5A /* UIView+Extension.swift */ = {isa = PBXFileReference; lastKnownFileType = sourcecode.swift; path = "UIView+Extension.swift"; sourceTree = "<group>"; };
		239E7E5E2A19881B00E91D5A /* CACornerMask+Extension.swift */ = {isa = PBXFileReference; lastKnownFileType = sourcecode.swift; path = "CACornerMask+Extension.swift"; sourceTree = "<group>"; };
		23B8D46E29EC7507004312DA /* GoogleService-Info.plist */ = {isa = PBXFileReference; fileEncoding = 4; lastKnownFileType = text.plist.xml; path = "GoogleService-Info.plist"; sourceTree = "<group>"; };
		23B8D47729EC7825004312DA /* UIViewController+Extension.swift */ = {isa = PBXFileReference; lastKnownFileType = sourcecode.swift; path = "UIViewController+Extension.swift"; sourceTree = "<group>"; };
		D8234F15BFF840AD1B73B28A /* Pods-AppBackFront.release.xcconfig */ = {isa = PBXFileReference; includeInIndex = 1; lastKnownFileType = text.xcconfig; name = "Pods-AppBackFront.release.xcconfig"; path = "Target Support Files/Pods-AppBackFront/Pods-AppBackFront.release.xcconfig"; sourceTree = "<group>"; };
/* End PBXFileReference section */

/* Begin PBXFrameworksBuildPhase section */
		231D0C8729A6E47300CF858A /* Frameworks */ = {
			isa = PBXFrameworksBuildPhase;
			buildActionMask = 2147483647;
			files = (
				23B8D47229EC75D7004312DA /* FirebaseAuth in Frameworks */,
				23B8D47429EC75D7004312DA /* FirebaseCrashlytics in Frameworks */,
				10E6DBB2A2D2D5A123B08AF7 /* Pods_AppBackFront.framework in Frameworks */,
			);
			runOnlyForDeploymentPostprocessing = 0;
		};
/* End PBXFrameworksBuildPhase section */

/* Begin PBXGroup section */
		230E3FD42A0328EB0064587F /* NftFilterCollectionViewCell */ = {
			isa = PBXGroup;
			children = (
				23651BC729FF58FC0025A64D /* Screen */,
				23651BC329FF57C60025A64D /* NftFilterCollectionViewCell.swift */,
			);
			path = NftFilterCollectionViewCell;
			sourceTree = "<group>";
		};
		230E3FD52A0328F70064587F /* NftTableViewCell */ = {
			isa = PBXGroup;
			children = (
				230E3FD82A032B080064587F /* Screen */,
				230E3FD62A03293A0064587F /* NftTableViewCell.swift */,
			);
			path = NftTableViewCell;
			sourceTree = "<group>";
		};
		230E3FD82A032B080064587F /* Screen */ = {
			isa = PBXGroup;
			children = (
				230E3FD92A032B1E0064587F /* NftTableViewCellScreen.swift */,
			);
			path = Screen;
			sourceTree = "<group>";
		};
		2316B7772A11D89B0058AB9D /* NftDetail */ = {
			isa = PBXGroup;
			children = (
				2316B77B2A11D8DF0058AB9D /* Screen */,
				2316B77A2A11D8C90058AB9D /* ViewModel */,
				2316B7782A11D8BD0058AB9D /* NftDetailVC.swift */,
			);
			path = NftDetail;
			sourceTree = "<group>";
		};
		2316B77A2A11D8C90058AB9D /* ViewModel */ = {
			isa = PBXGroup;
			children = (
				2316B77C2A11D9030058AB9D /* NftDetailViewModel.swift */,
			);
			path = ViewModel;
			sourceTree = "<group>";
		};
		2316B77B2A11D8DF0058AB9D /* Screen */ = {
			isa = PBXGroup;
			children = (
				2316B77E2A11D9350058AB9D /* NftDetailScreen.swift */,
			);
			path = Screen;
			sourceTree = "<group>";
		};
		231D0C8129A6E47300CF858A = {
			isa = PBXGroup;
			children = (
				231D0C8C29A6E47300CF858A /* AppBackFront */,
				231D0C8B29A6E47300CF858A /* Products */,
				6A60D9A3D09622CCE01A0EBB /* Pods */,
				5617690AC54EBEFB29DC22A4 /* Frameworks */,
			);
			sourceTree = "<group>";
		};
		231D0C8B29A6E47300CF858A /* Products */ = {
			isa = PBXGroup;
			children = (
				231D0C8A29A6E47300CF858A /* AppBackFront.app */,
			);
			name = Products;
			sourceTree = "<group>";
		};
		231D0C8C29A6E47300CF858A /* AppBackFront */ = {
			isa = PBXGroup;
			children = (
				2357B12429FB42E800384506 /* Model */,
				2357B12129FB405000384506 /* Json */,
				23B8D47929EC7CDA004312DA /* App */,
				2357B11A29FB3DAA00384506 /* Service */,
				233D593C29F7773400048E60 /* Feature */,
				233D593929F776AB00048E60 /* TabBarController */,
				237255A929F623A700F5511B /* Alert */,
				23B8D47529EC77F6004312DA /* Utils */,
				231D0C9829A6E47500CF858A /* LaunchScreen.storyboard */,
				231D0C9629A6E47500CF858A /* Assets.xcassets */,
				23B8D46E29EC7507004312DA /* GoogleService-Info.plist */,
				231D0C9B29A6E47500CF858A /* Info.plist */,
			);
			path = AppBackFront;
			sourceTree = "<group>";
		};
		231D0CA129A6E68E00CF858A /* Login */ = {
			isa = PBXGroup;
			children = (
				231D0CA229A6E69800CF858A /* Screen */,
				231D0C9129A6E47300CF858A /* LoginVC.swift */,
			);
			path = Login;
			sourceTree = "<group>";
		};
		231D0CA229A6E69800CF858A /* Screen */ = {
			isa = PBXGroup;
			children = (
				231D0CA329A6E6D800CF858A /* LoginScreen.swift */,
			);
			path = Screen;
			sourceTree = "<group>";
		};
		233D593929F776AB00048E60 /* TabBarController */ = {
			isa = PBXGroup;
			children = (
				233D593A29F776CC00048E60 /* TabBarVC.swift */,
			);
			path = TabBarController;
			sourceTree = "<group>";
		};
		233D593C29F7773400048E60 /* Feature */ = {
			isa = PBXGroup;
			children = (
				2316B7772A11D89B0058AB9D /* NftDetail */,
				23651BC229FF57AE0025A64D /* Cells */,
				233D593D29F7775900048E60 /* Home */,
				231D0CA129A6E68E00CF858A /* Login */,
			);
			path = Feature;
			sourceTree = "<group>";
		};
		233D593D29F7775900048E60 /* Home */ = {
			isa = PBXGroup;
			children = (
				2357B11729FB3D4700384506 /* ViewModel */,
				2357B11629F8C13400384506 /* Screen */,
				233D593E29F7778F00048E60 /* HomeVC.swift */,
			);
			path = Home;
			sourceTree = "<group>";
		};
		2357B11629F8C13400384506 /* Screen */ = {
			isa = PBXGroup;
			children = (
				2357B11429F8BF9100384506 /* HomeScreen.swift */,
			);
			path = Screen;
			sourceTree = "<group>";
		};
		2357B11729FB3D4700384506 /* ViewModel */ = {
			isa = PBXGroup;
			children = (
				2357B11829FB3D6700384506 /* HomeViewModel.swift */,
			);
			path = ViewModel;
			sourceTree = "<group>";
		};
		2357B11A29FB3DAA00384506 /* Service */ = {
			isa = PBXGroup;
			children = (
				2357B11B29FB3DCD00384506 /* HomeService */,
				2357B11F29FB3E3C00384506 /* GenericService.swift */,
			);
			path = Service;
			sourceTree = "<group>";
		};
		2357B11B29FB3DCD00384506 /* HomeService */ = {
			isa = PBXGroup;
			children = (
				2357B11C29FB3DFB00384506 /* HomeService.swift */,
			);
			path = HomeService;
			sourceTree = "<group>";
		};
		2357B12129FB405000384506 /* Json */ = {
			isa = PBXGroup;
			children = (
				2357B12229FB41C600384506 /* HomeData.json */,
			);
			path = Json;
			sourceTree = "<group>";
		};
		2357B12429FB42E800384506 /* Model */ = {
			isa = PBXGroup;
			children = (
				2357B12529FB42FB00384506 /* NFTData.swift */,
			);
			path = Model;
			sourceTree = "<group>";
		};
		23651BC229FF57AE0025A64D /* Cells */ = {
			isa = PBXGroup;
			children = (
				239E7E562A1978D500E91D5A /* ListOffersTableViewCell */,
				239E7E4C2A193EE300E91D5A /* LastestDealTableViewCell */,
				237298F42A13087B00ECF01C /* NftDescriptionTableViewCell */,
				237298EE2A12F9B600ECF01C /* NftImageTableViewCell */,
				230E3FD52A0328F70064587F /* NftTableViewCell */,
				230E3FD42A0328EB0064587F /* NftFilterCollectionViewCell */,
			);
			path = Cells;
			sourceTree = "<group>";
		};
		23651BC729FF58FC0025A64D /* Screen */ = {
			isa = PBXGroup;
			children = (
				23651BC829FF59210025A64D /* NftFilterCollectionViewCellScreen.swift */,
			);
			path = Screen;
			sourceTree = "<group>";
		};
		237255A929F623A700F5511B /* Alert */ = {
			isa = PBXGroup;
			children = (
				237255AA29F623B200F5511B /* AlertController.swift */,
			);
			path = Alert;
			sourceTree = "<group>";
		};
		237298EE2A12F9B600ECF01C /* NftImageTableViewCell */ = {
			isa = PBXGroup;
			children = (
				237298F12A12FAFC00ECF01C /* Screen */,
				237298EF2A12FA0700ECF01C /* NftImageTableViewCell.swift */,
			);
			path = NftImageTableViewCell;
			sourceTree = "<group>";
		};
		237298F12A12FAFC00ECF01C /* Screen */ = {
			isa = PBXGroup;
			children = (
				237298F22A12FB1300ECF01C /* NftImageTableViewCellScreen.swift */,
			);
			path = Screen;
			sourceTree = "<group>";
		};
		237298F42A13087B00ECF01C /* NftDescriptionTableViewCell */ = {
			isa = PBXGroup;
			children = (
				237298F72A13090100ECF01C /* Screen */,
				237298F52A13089000ECF01C /* NftDescriptionTableViewCell.swift */,
			);
			path = NftDescriptionTableViewCell;
			sourceTree = "<group>";
		};
		237298F72A13090100ECF01C /* Screen */ = {
			isa = PBXGroup;
			children = (
				237298F82A13091600ECF01C /* NftDescriptionTableViewCellScreen.swift */,
			);
			path = Screen;
			sourceTree = "<group>";
		};
		239E7E4C2A193EE300E91D5A /* LastestDealTableViewCell */ = {
			isa = PBXGroup;
			children = (
				239E7E532A1960B600E91D5A /* LastestDealTableViewCellViewModel */,
				239E7E4F2A193F2B00E91D5A /* Screen */,
				239E7E4D2A193F1F00E91D5A /* LastestDealTableViewCell.swift */,
			);
			path = LastestDealTableViewCell;
			sourceTree = "<group>";
		};
		239E7E4F2A193F2B00E91D5A /* Screen */ = {
			isa = PBXGroup;
			children = (
				239E7E512A193F5700E91D5A /* LastestDealTableViewCellScreen.swift */,
			);
			path = Screen;
			sourceTree = "<group>";
		};
		239E7E532A1960B600E91D5A /* LastestDealTableViewCellViewModel */ = {
			isa = PBXGroup;
			children = (
				239E7E542A1960D600E91D5A /* LastestDealTableViewCellViewModel.swift */,
			);
			path = LastestDealTableViewCellViewModel;
			sourceTree = "<group>";
		};
		239E7E562A1978D500E91D5A /* ListOffersTableViewCell */ = {
			isa = PBXGroup;
			children = (
				239E7E592A1978FB00E91D5A /* Screen */,
				239E7E572A1978F400E91D5A /* ListOffersTableViewCell.swift */,
			);
			path = ListOffersTableViewCell;
			sourceTree = "<group>";
		};
		239E7E592A1978FB00E91D5A /* Screen */ = {
			isa = PBXGroup;
			children = (
				239E7E5A2A19790A00E91D5A /* ListOffersTableViewCellScreen.swift */,
			);
			path = Screen;
			sourceTree = "<group>";
		};
		23B8D47529EC77F6004312DA /* Utils */ = {
			isa = PBXGroup;
			children = (
				23B8D47629EC7801004312DA /* Extension */,
			);
			path = Utils;
			sourceTree = "<group>";
		};
		23B8D47629EC7801004312DA /* Extension */ = {
			isa = PBXGroup;
			children = (
				23B8D47729EC7825004312DA /* UIViewController+Extension.swift */,
				237255A729EE3B8200F5511B /* String+Extension.swift */,
				239E7E5C2A19870F00E91D5A /* UIView+Extension.swift */,
				239E7E5E2A19881B00E91D5A /* CACornerMask+Extension.swift */,
			);
			path = Extension;
			sourceTree = "<group>";
		};
		23B8D47929EC7CDA004312DA /* App */ = {
			isa = PBXGroup;
			children = (
				231D0C8D29A6E47300CF858A /* AppDelegate.swift */,
				231D0C8F29A6E47300CF858A /* SceneDelegate.swift */,
			);
			path = App;
			sourceTree = "<group>";
		};
		5617690AC54EBEFB29DC22A4 /* Frameworks */ = {
			isa = PBXGroup;
			children = (
				1BD3C93BE10B1D6D67037E7B /* Pods_AppBackFront.framework */,
			);
			name = Frameworks;
			sourceTree = "<group>";
		};
		6A60D9A3D09622CCE01A0EBB /* Pods */ = {
			isa = PBXGroup;
			children = (
				1C5111327FB25CDF2F9F0182 /* Pods-AppBackFront.debug.xcconfig */,
				D8234F15BFF840AD1B73B28A /* Pods-AppBackFront.release.xcconfig */,
			);
			path = Pods;
			sourceTree = "<group>";
		};
/* End PBXGroup section */

/* Begin PBXNativeTarget section */
		231D0C8929A6E47300CF858A /* AppBackFront */ = {
			isa = PBXNativeTarget;
			buildConfigurationList = 231D0C9E29A6E47500CF858A /* Build configuration list for PBXNativeTarget "AppBackFront" */;
			buildPhases = (
				7AC56FC3D617B08F8B5EEFFC /* [CP] Check Pods Manifest.lock */,
				231D0C8629A6E47300CF858A /* Sources */,
				231D0C8729A6E47300CF858A /* Frameworks */,
				231D0C8829A6E47300CF858A /* Resources */,
				BBCDA6D59D115BAFE5438B3B /* [CP] Embed Pods Frameworks */,
			);
			buildRules = (
			);
			dependencies = (
			);
			name = AppBackFront;
			packageProductDependencies = (
				23B8D47129EC75D7004312DA /* FirebaseAuth */,
				23B8D47329EC75D7004312DA /* FirebaseCrashlytics */,
			);
			productName = AppBackFront;
			productReference = 231D0C8A29A6E47300CF858A /* AppBackFront.app */;
			productType = "com.apple.product-type.application";
		};
/* End PBXNativeTarget section */

/* Begin PBXProject section */
		231D0C8229A6E47300CF858A /* Project object */ = {
			isa = PBXProject;
			attributes = {
				BuildIndependentTargetsInParallel = 1;
				LastSwiftUpdateCheck = 1420;
				LastUpgradeCheck = 1420;
				TargetAttributes = {
					231D0C8929A6E47300CF858A = {
						CreatedOnToolsVersion = 14.2;
					};
				};
			};
			buildConfigurationList = 231D0C8529A6E47300CF858A /* Build configuration list for PBXProject "AppBackFront" */;
			compatibilityVersion = "Xcode 14.0";
			developmentRegion = en;
			hasScannedForEncodings = 0;
			knownRegions = (
				en,
				Base,
			);
			mainGroup = 231D0C8129A6E47300CF858A;
			packageReferences = (
				23B8D47029EC75D7004312DA /* XCRemoteSwiftPackageReference "firebase-ios-sdk" */,
			);
			productRefGroup = 231D0C8B29A6E47300CF858A /* Products */;
			projectDirPath = "";
			projectRoot = "";
			targets = (
				231D0C8929A6E47300CF858A /* AppBackFront */,
			);
		};
/* End PBXProject section */

/* Begin PBXResourcesBuildPhase section */
		231D0C8829A6E47300CF858A /* Resources */ = {
			isa = PBXResourcesBuildPhase;
			buildActionMask = 2147483647;
			files = (
				2357B12329FB41C600384506 /* HomeData.json in Resources */,
				231D0C9A29A6E47500CF858A /* LaunchScreen.storyboard in Resources */,
				231D0C9729A6E47500CF858A /* Assets.xcassets in Resources */,
				23B8D46F29EC7507004312DA /* GoogleService-Info.plist in Resources */,
			);
			runOnlyForDeploymentPostprocessing = 0;
		};
/* End PBXResourcesBuildPhase section */

/* Begin PBXShellScriptBuildPhase section */
		7AC56FC3D617B08F8B5EEFFC /* [CP] Check Pods Manifest.lock */ = {
			isa = PBXShellScriptBuildPhase;
			buildActionMask = 2147483647;
			files = (
			);
			inputFileListPaths = (
			);
			inputPaths = (
				"${PODS_PODFILE_DIR_PATH}/Podfile.lock",
				"${PODS_ROOT}/Manifest.lock",
			);
			name = "[CP] Check Pods Manifest.lock";
			outputFileListPaths = (
			);
			outputPaths = (
				"$(DERIVED_FILE_DIR)/Pods-AppBackFront-checkManifestLockResult.txt",
			);
			runOnlyForDeploymentPostprocessing = 0;
			shellPath = /bin/sh;
			shellScript = "diff \"${PODS_PODFILE_DIR_PATH}/Podfile.lock\" \"${PODS_ROOT}/Manifest.lock\" > /dev/null\nif [ $? != 0 ] ; then\n    # print error to STDERR\n    echo \"error: The sandbox is not in sync with the Podfile.lock. Run 'pod install' or update your CocoaPods installation.\" >&2\n    exit 1\nfi\n# This output is used by Xcode 'outputs' to avoid re-running this script phase.\necho \"SUCCESS\" > \"${SCRIPT_OUTPUT_FILE_0}\"\n";
			showEnvVarsInLog = 0;
		};
		BBCDA6D59D115BAFE5438B3B /* [CP] Embed Pods Frameworks */ = {
			isa = PBXShellScriptBuildPhase;
			buildActionMask = 2147483647;
			files = (
			);
			inputFileListPaths = (
				"${PODS_ROOT}/Target Support Files/Pods-AppBackFront/Pods-AppBackFront-frameworks-${CONFIGURATION}-input-files.xcfilelist",
			);
			name = "[CP] Embed Pods Frameworks";
			outputFileListPaths = (
				"${PODS_ROOT}/Target Support Files/Pods-AppBackFront/Pods-AppBackFront-frameworks-${CONFIGURATION}-output-files.xcfilelist",
			);
			runOnlyForDeploymentPostprocessing = 0;
			shellPath = /bin/sh;
			shellScript = "\"${PODS_ROOT}/Target Support Files/Pods-AppBackFront/Pods-AppBackFront-frameworks.sh\"\n";
			showEnvVarsInLog = 0;
		};
/* End PBXShellScriptBuildPhase section */

/* Begin PBXSourcesBuildPhase section */
		231D0C8629A6E47300CF858A /* Sources */ = {
			isa = PBXSourcesBuildPhase;
			buildActionMask = 2147483647;
			files = (
				239E7E522A193F5700E91D5A /* LastestDealTableViewCellScreen.swift in Sources */,
				231D0C9229A6E47300CF858A /* LoginVC.swift in Sources */,
				2357B11929FB3D6700384506 /* HomeViewModel.swift in Sources */,
				231D0CA429A6E6D800CF858A /* LoginScreen.swift in Sources */,
				239E7E5B2A19790A00E91D5A /* ListOffersTableViewCellScreen.swift in Sources */,
				231D0C8E29A6E47300CF858A /* AppDelegate.swift in Sources */,
				233D593F29F7778F00048E60 /* HomeVC.swift in Sources */,
				23B8D47829EC7825004312DA /* UIViewController+Extension.swift in Sources */,
				23651BC429FF57C60025A64D /* NftFilterCollectionViewCell.swift in Sources */,
				23651BC929FF59210025A64D /* NftFilterCollectionViewCellScreen.swift in Sources */,
				237298F92A13091600ECF01C /* NftDescriptionTableViewCellScreen.swift in Sources */,
				2357B12029FB3E3C00384506 /* GenericService.swift in Sources */,
				2357B11D29FB3DFB00384506 /* HomeService.swift in Sources */,
				237298F32A12FB1300ECF01C /* NftImageTableViewCellScreen.swift in Sources */,
				237255A829EE3B8200F5511B /* String+Extension.swift in Sources */,
				2357B11529F8BF9100384506 /* HomeScreen.swift in Sources */,
				237298F02A12FA0700ECF01C /* NftImageTableViewCell.swift in Sources */,
				2357B12629FB42FB00384506 /* NFTData.swift in Sources */,
				231D0C9029A6E47300CF858A /* SceneDelegate.swift in Sources */,
				2316B77D2A11D9030058AB9D /* NftDetailViewModel.swift in Sources */,
				239E7E552A1960D600E91D5A /* LastestDealTableViewCellViewModel.swift in Sources */,
				237298F62A13089000ECF01C /* NftDescriptionTableViewCell.swift in Sources */,
				2316B7792A11D8BD0058AB9D /* NftDetailVC.swift in Sources */,
				233D593B29F776CC00048E60 /* TabBarVC.swift in Sources */,
				239E7E5F2A19881B00E91D5A /* CACornerMask+Extension.swift in Sources */,
				237255AB29F623B200F5511B /* AlertController.swift in Sources */,
				239E7E582A1978F400E91D5A /* ListOffersTableViewCell.swift in Sources */,
				239E7E5D2A19870F00E91D5A /* UIView+Extension.swift in Sources */,
				230E3FDA2A032B1E0064587F /* NftTableViewCellScreen.swift in Sources */,
				230E3FD72A03293A0064587F /* NftTableViewCell.swift in Sources */,
				239E7E4E2A193F1F00E91D5A /* LastestDealTableViewCell.swift in Sources */,
				2316B77F2A11D9350058AB9D /* NftDetailScreen.swift in Sources */,
			);
			runOnlyForDeploymentPostprocessing = 0;
		};
/* End PBXSourcesBuildPhase section */

/* Begin PBXVariantGroup section */
		231D0C9829A6E47500CF858A /* LaunchScreen.storyboard */ = {
			isa = PBXVariantGroup;
			children = (
				231D0C9929A6E47500CF858A /* Base */,
			);
			name = LaunchScreen.storyboard;
			sourceTree = "<group>";
		};
/* End PBXVariantGroup section */

/* Begin XCBuildConfiguration section */
		231D0C9C29A6E47500CF858A /* Debug */ = {
			isa = XCBuildConfiguration;
			buildSettings = {
				ALWAYS_SEARCH_USER_PATHS = NO;
				CLANG_ANALYZER_NONNULL = YES;
				CLANG_ANALYZER_NUMBER_OBJECT_CONVERSION = YES_AGGRESSIVE;
				CLANG_CXX_LANGUAGE_STANDARD = "gnu++20";
				CLANG_ENABLE_MODULES = YES;
				CLANG_ENABLE_OBJC_ARC = YES;
				CLANG_ENABLE_OBJC_WEAK = YES;
				CLANG_WARN_BLOCK_CAPTURE_AUTORELEASING = YES;
				CLANG_WARN_BOOL_CONVERSION = YES;
				CLANG_WARN_COMMA = YES;
				CLANG_WARN_CONSTANT_CONVERSION = YES;
				CLANG_WARN_DEPRECATED_OBJC_IMPLEMENTATIONS = YES;
				CLANG_WARN_DIRECT_OBJC_ISA_USAGE = YES_ERROR;
				CLANG_WARN_DOCUMENTATION_COMMENTS = YES;
				CLANG_WARN_EMPTY_BODY = YES;
				CLANG_WARN_ENUM_CONVERSION = YES;
				CLANG_WARN_INFINITE_RECURSION = YES;
				CLANG_WARN_INT_CONVERSION = YES;
				CLANG_WARN_NON_LITERAL_NULL_CONVERSION = YES;
				CLANG_WARN_OBJC_IMPLICIT_RETAIN_SELF = YES;
				CLANG_WARN_OBJC_LITERAL_CONVERSION = YES;
				CLANG_WARN_OBJC_ROOT_CLASS = YES_ERROR;
				CLANG_WARN_QUOTED_INCLUDE_IN_FRAMEWORK_HEADER = YES;
				CLANG_WARN_RANGE_LOOP_ANALYSIS = YES;
				CLANG_WARN_STRICT_PROTOTYPES = YES;
				CLANG_WARN_SUSPICIOUS_MOVE = YES;
				CLANG_WARN_UNGUARDED_AVAILABILITY = YES_AGGRESSIVE;
				CLANG_WARN_UNREACHABLE_CODE = YES;
				CLANG_WARN__DUPLICATE_METHOD_MATCH = YES;
				COPY_PHASE_STRIP = NO;
				DEBUG_INFORMATION_FORMAT = dwarf;
				ENABLE_STRICT_OBJC_MSGSEND = YES;
				ENABLE_TESTABILITY = YES;
				GCC_C_LANGUAGE_STANDARD = gnu11;
				GCC_DYNAMIC_NO_PIC = NO;
				GCC_NO_COMMON_BLOCKS = YES;
				GCC_OPTIMIZATION_LEVEL = 0;
				GCC_PREPROCESSOR_DEFINITIONS = (
					"DEBUG=1",
					"$(inherited)",
				);
				GCC_WARN_64_TO_32_BIT_CONVERSION = YES;
				GCC_WARN_ABOUT_RETURN_TYPE = YES_ERROR;
				GCC_WARN_UNDECLARED_SELECTOR = YES;
				GCC_WARN_UNINITIALIZED_AUTOS = YES_AGGRESSIVE;
				GCC_WARN_UNUSED_FUNCTION = YES;
				GCC_WARN_UNUSED_VARIABLE = YES;
				IPHONEOS_DEPLOYMENT_TARGET = 16.2;
				MTL_ENABLE_DEBUG_INFO = INCLUDE_SOURCE;
				MTL_FAST_MATH = YES;
				ONLY_ACTIVE_ARCH = YES;
				SDKROOT = iphoneos;
				SWIFT_ACTIVE_COMPILATION_CONDITIONS = DEBUG;
				SWIFT_OPTIMIZATION_LEVEL = "-Onone";
			};
			name = Debug;
		};
		231D0C9D29A6E47500CF858A /* Release */ = {
			isa = XCBuildConfiguration;
			buildSettings = {
				ALWAYS_SEARCH_USER_PATHS = NO;
				CLANG_ANALYZER_NONNULL = YES;
				CLANG_ANALYZER_NUMBER_OBJECT_CONVERSION = YES_AGGRESSIVE;
				CLANG_CXX_LANGUAGE_STANDARD = "gnu++20";
				CLANG_ENABLE_MODULES = YES;
				CLANG_ENABLE_OBJC_ARC = YES;
				CLANG_ENABLE_OBJC_WEAK = YES;
				CLANG_WARN_BLOCK_CAPTURE_AUTORELEASING = YES;
				CLANG_WARN_BOOL_CONVERSION = YES;
				CLANG_WARN_COMMA = YES;
				CLANG_WARN_CONSTANT_CONVERSION = YES;
				CLANG_WARN_DEPRECATED_OBJC_IMPLEMENTATIONS = YES;
				CLANG_WARN_DIRECT_OBJC_ISA_USAGE = YES_ERROR;
				CLANG_WARN_DOCUMENTATION_COMMENTS = YES;
				CLANG_WARN_EMPTY_BODY = YES;
				CLANG_WARN_ENUM_CONVERSION = YES;
				CLANG_WARN_INFINITE_RECURSION = YES;
				CLANG_WARN_INT_CONVERSION = YES;
				CLANG_WARN_NON_LITERAL_NULL_CONVERSION = YES;
				CLANG_WARN_OBJC_IMPLICIT_RETAIN_SELF = YES;
				CLANG_WARN_OBJC_LITERAL_CONVERSION = YES;
				CLANG_WARN_OBJC_ROOT_CLASS = YES_ERROR;
				CLANG_WARN_QUOTED_INCLUDE_IN_FRAMEWORK_HEADER = YES;
				CLANG_WARN_RANGE_LOOP_ANALYSIS = YES;
				CLANG_WARN_STRICT_PROTOTYPES = YES;
				CLANG_WARN_SUSPICIOUS_MOVE = YES;
				CLANG_WARN_UNGUARDED_AVAILABILITY = YES_AGGRESSIVE;
				CLANG_WARN_UNREACHABLE_CODE = YES;
				CLANG_WARN__DUPLICATE_METHOD_MATCH = YES;
				COPY_PHASE_STRIP = NO;
				DEBUG_INFORMATION_FORMAT = "dwarf-with-dsym";
				ENABLE_NS_ASSERTIONS = NO;
				ENABLE_STRICT_OBJC_MSGSEND = YES;
				GCC_C_LANGUAGE_STANDARD = gnu11;
				GCC_NO_COMMON_BLOCKS = YES;
				GCC_WARN_64_TO_32_BIT_CONVERSION = YES;
				GCC_WARN_ABOUT_RETURN_TYPE = YES_ERROR;
				GCC_WARN_UNDECLARED_SELECTOR = YES;
				GCC_WARN_UNINITIALIZED_AUTOS = YES_AGGRESSIVE;
				GCC_WARN_UNUSED_FUNCTION = YES;
				GCC_WARN_UNUSED_VARIABLE = YES;
				IPHONEOS_DEPLOYMENT_TARGET = 16.2;
				MTL_ENABLE_DEBUG_INFO = NO;
				MTL_FAST_MATH = YES;
				SDKROOT = iphoneos;
				SWIFT_COMPILATION_MODE = wholemodule;
				SWIFT_OPTIMIZATION_LEVEL = "-O";
				VALIDATE_PRODUCT = YES;
			};
			name = Release;
		};
		231D0C9F29A6E47500CF858A /* Debug */ = {
			isa = XCBuildConfiguration;
			baseConfigurationReference = 1C5111327FB25CDF2F9F0182 /* Pods-AppBackFront.debug.xcconfig */;
			buildSettings = {
				ASSETCATALOG_COMPILER_APPICON_NAME = AppIcon;
				ASSETCATALOG_COMPILER_GLOBAL_ACCENT_COLOR_NAME = AccentColor;
				CODE_SIGN_STYLE = Automatic;
				CURRENT_PROJECT_VERSION = 1;
				GENERATE_INFOPLIST_FILE = YES;
				INFOPLIST_FILE = AppBackFront/Info.plist;
				INFOPLIST_KEY_UIApplicationSupportsIndirectInputEvents = YES;
				INFOPLIST_KEY_UILaunchStoryboardName = LaunchScreen;
				INFOPLIST_KEY_UIMainStoryboardFile = "";
				INFOPLIST_KEY_UISupportedInterfaceOrientations_iPad = "UIInterfaceOrientationPortrait UIInterfaceOrientationPortraitUpsideDown UIInterfaceOrientationLandscapeLeft UIInterfaceOrientationLandscapeRight";
				INFOPLIST_KEY_UISupportedInterfaceOrientations_iPhone = "UIInterfaceOrientationPortrait UIInterfaceOrientationLandscapeLeft UIInterfaceOrientationLandscapeRight";
				LD_RUNPATH_SEARCH_PATHS = (
					"$(inherited)",
					"@executable_path/Frameworks",
				);
				MARKETING_VERSION = 1.0;
				PRODUCT_BUNDLE_IDENTIFIER = kallasdev.appbackfront;
				PRODUCT_NAME = "$(TARGET_NAME)";
				SWIFT_EMIT_LOC_STRINGS = YES;
				SWIFT_VERSION = 5.0;
				TARGETED_DEVICE_FAMILY = "1,2";
			};
			name = Debug;
		};
		231D0CA029A6E47500CF858A /* Release */ = {
			isa = XCBuildConfiguration;
			baseConfigurationReference = D8234F15BFF840AD1B73B28A /* Pods-AppBackFront.release.xcconfig */;
			buildSettings = {
				ASSETCATALOG_COMPILER_APPICON_NAME = AppIcon;
				ASSETCATALOG_COMPILER_GLOBAL_ACCENT_COLOR_NAME = AccentColor;
				CODE_SIGN_STYLE = Automatic;
				CURRENT_PROJECT_VERSION = 1;
				GENERATE_INFOPLIST_FILE = YES;
				INFOPLIST_FILE = AppBackFront/Info.plist;
				INFOPLIST_KEY_UIApplicationSupportsIndirectInputEvents = YES;
				INFOPLIST_KEY_UILaunchStoryboardName = LaunchScreen;
				INFOPLIST_KEY_UIMainStoryboardFile = "";
				INFOPLIST_KEY_UISupportedInterfaceOrientations_iPad = "UIInterfaceOrientationPortrait UIInterfaceOrientationPortraitUpsideDown UIInterfaceOrientationLandscapeLeft UIInterfaceOrientationLandscapeRight";
				INFOPLIST_KEY_UISupportedInterfaceOrientations_iPhone = "UIInterfaceOrientationPortrait UIInterfaceOrientationLandscapeLeft UIInterfaceOrientationLandscapeRight";
				LD_RUNPATH_SEARCH_PATHS = (
					"$(inherited)",
					"@executable_path/Frameworks",
				);
				MARKETING_VERSION = 1.0;
				PRODUCT_BUNDLE_IDENTIFIER = kallasdev.appbackfront;
				PRODUCT_NAME = "$(TARGET_NAME)";
				SWIFT_EMIT_LOC_STRINGS = YES;
				SWIFT_VERSION = 5.0;
				TARGETED_DEVICE_FAMILY = "1,2";
			};
			name = Release;
		};
/* End XCBuildConfiguration section */

/* Begin XCConfigurationList section */
		231D0C8529A6E47300CF858A /* Build configuration list for PBXProject "AppBackFront" */ = {
			isa = XCConfigurationList;
			buildConfigurations = (
				231D0C9C29A6E47500CF858A /* Debug */,
				231D0C9D29A6E47500CF858A /* Release */,
			);
			defaultConfigurationIsVisible = 0;
			defaultConfigurationName = Release;
		};
		231D0C9E29A6E47500CF858A /* Build configuration list for PBXNativeTarget "AppBackFront" */ = {
			isa = XCConfigurationList;
			buildConfigurations = (
				231D0C9F29A6E47500CF858A /* Debug */,
				231D0CA029A6E47500CF858A /* Release */,
			);
			defaultConfigurationIsVisible = 0;
			defaultConfigurationName = Release;
		};
/* End XCConfigurationList section */

/* Begin XCRemoteSwiftPackageReference section */
		23B8D47029EC75D7004312DA /* XCRemoteSwiftPackageReference "firebase-ios-sdk" */ = {
			isa = XCRemoteSwiftPackageReference;
			repositoryURL = "https://github.com/firebase/firebase-ios-sdk";
			requirement = {
				kind = upToNextMajorVersion;
				minimumVersion = 9.0.0;
			};
		};
/* End XCRemoteSwiftPackageReference section */

/* Begin XCSwiftPackageProductDependency section */
		23B8D47129EC75D7004312DA /* FirebaseAuth */ = {
			isa = XCSwiftPackageProductDependency;
			package = 23B8D47029EC75D7004312DA /* XCRemoteSwiftPackageReference "firebase-ios-sdk" */;
			productName = FirebaseAuth;
		};
		23B8D47329EC75D7004312DA /* FirebaseCrashlytics */ = {
			isa = XCSwiftPackageProductDependency;
			package = 23B8D47029EC75D7004312DA /* XCRemoteSwiftPackageReference "firebase-ios-sdk" */;
			productName = FirebaseCrashlytics;
		};
/* End XCSwiftPackageProductDependency section */
	};
	rootObject = 231D0C8229A6E47300CF858A /* Project object */;
}
